// !$*UTF8*$!
{
	archiveVersion = 1;
	classes = {
	};
	objectVersion = 55;
	objects = {

/* Begin PBXBuildFile section */
		86BBC4BF27ECF018005F04C8 /* start.txt in Resources */ = {isa = PBXBuildFile; fileRef = 86BBC4BE27ECF018005F04C8 /* start.txt */; };
		86BBC4C127EE0136005F04C8 /* words.txt in Resources */ = {isa = PBXBuildFile; fileRef = 86BBC4C027EE0136005F04C8 /* words.txt */; };
		86C7714D27ECEBDA00544713 /* AppDelegate.swift in Sources */ = {isa = PBXBuildFile; fileRef = 86C7714C27ECEBDA00544713 /* AppDelegate.swift */; };
		86C7714F27ECEBDA00544713 /* SceneDelegate.swift in Sources */ = {isa = PBXBuildFile; fileRef = 86C7714E27ECEBDA00544713 /* SceneDelegate.swift */; };
		86C7715127ECEBDA00544713 /* ViewController.swift in Sources */ = {isa = PBXBuildFile; fileRef = 86C7715027ECEBDA00544713 /* ViewController.swift */; };
		86C7715427ECEBDA00544713 /* Main.storyboard in Resources */ = {isa = PBXBuildFile; fileRef = 86C7715227ECEBDA00544713 /* Main.storyboard */; };
		86C7715627ECEBDA00544713 /* Assets.xcassets in Resources */ = {isa = PBXBuildFile; fileRef = 86C7715527ECEBDA00544713 /* Assets.xcassets */; };
		86C7715927ECEBDA00544713 /* LaunchScreen.storyboard in Resources */ = {isa = PBXBuildFile; fileRef = 86C7715727ECEBDA00544713 /* LaunchScreen.storyboard */; };
/* End PBXBuildFile section */

/* Begin PBXFileReference section */
		86BBC4BE27ECF018005F04C8 /* start.txt */ = {isa = PBXFileReference; fileEncoding = 4; lastKnownFileType = text; path = start.txt; sourceTree = "<group>"; };
		86BBC4C027EE0136005F04C8 /* words.txt */ = {isa = PBXFileReference; fileEncoding = 4; lastKnownFileType = text; path = words.txt; sourceTree = "<group>"; };
		86C7714927ECEBDA00544713 /* Milestone Projects 7-9.app */ = {isa = PBXFileReference; explicitFileType = wrapper.application; includeInIndex = 0; path = "Milestone Projects 7-9.app"; sourceTree = BUILT_PRODUCTS_DIR; };
		86C7714C27ECEBDA00544713 /* AppDelegate.swift */ = {isa = PBXFileReference; lastKnownFileType = sourcecode.swift; path = AppDelegate.swift; sourceTree = "<group>"; };
		86C7714E27ECEBDA00544713 /* SceneDelegate.swift */ = {isa = PBXFileReference; lastKnownFileType = sourcecode.swift; path = SceneDelegate.swift; sourceTree = "<group>"; };
		86C7715027ECEBDA00544713 /* ViewController.swift */ = {isa = PBXFileReference; lastKnownFileType = sourcecode.swift; path = ViewController.swift; sourceTree = "<group>"; };
		86C7715327ECEBDA00544713 /* Base */ = {isa = PBXFileReference; lastKnownFileType = file.storyboard; name = Base; path = Base.lproj/Main.storyboard; sourceTree = "<group>"; };
		86C7715527ECEBDA00544713 /* Assets.xcassets */ = {isa = PBXFileReference; lastKnownFileType = folder.assetcatalog; path = Assets.xcassets; sourceTree = "<group>"; };
		86C7715827ECEBDA00544713 /* Base */ = {isa = PBXFileReference; lastKnownFileType = file.storyboard; name = Base; path = Base.lproj/LaunchScreen.storyboard; sourceTree = "<group>"; };
		86C7715A27ECEBDA00544713 /* Info.plist */ = {isa = PBXFileReference; lastKnownFileType = text.plist.xml; path = Info.plist; sourceTree = "<group>"; };
/* End PBXFileReference section */

/* Begin PBXFrameworksBuildPhase section */
		86C7714627ECEBDA00544713 /* Frameworks */ = {
			isa = PBXFrameworksBuildPhase;
			buildActionMask = 2147483647;
			files = (
			);
			runOnlyForDeploymentPostprocessing = 0;
		};
/* End PBXFrameworksBuildPhase section */

/* Begin PBXGroup section */
		86C7714027ECEBDA00544713 = {
			isa = PBXGroup;
			children = (
				86C7714B27ECEBDA00544713 /* Milestone Projects 7-9 */,
				86C7714A27ECEBDA00544713 /* Products */,
			);
			sourceTree = "<group>";
		};
		86C7714A27ECEBDA00544713 /* Products */ = {
			isa = PBXGroup;
			children = (
				86C7714927ECEBDA00544713 /* Milestone Projects 7-9.app */,
			);
			name = Products;
			sourceTree = "<group>";
		};
		86C7714B27ECEBDA00544713 /* Milestone Projects 7-9 */ = {
			isa = PBXGroup;
			children = (
				86C7714C27ECEBDA00544713 /* AppDelegate.swift */,
				86C7714E27ECEBDA00544713 /* SceneDelegate.swift */,
				86C7715027ECEBDA00544713 /* ViewController.swift */,
				86BBC4BE27ECF018005F04C8 /* start.txt */,
				86C7715227ECEBDA00544713 /* Main.storyboard */,
				86C7715527ECEBDA00544713 /* Assets.xcassets */,
				86C7715727ECEBDA00544713 /* LaunchScreen.storyboard */,
				86BBC4C027EE0136005F04C8 /* words.txt */,
				86C7715A27ECEBDA00544713 /* Info.plist */,
			);
			path = "Milestone Projects 7-9";
			sourceTree = "<group>";
		};
/* End PBXGroup section */

/* Begin PBXNativeTarget section */
		86C7714827ECEBDA00544713 /* Milestone Projects 7-9 */ = {
			isa = PBXNativeTarget;
			buildConfigurationList = 86C7715D27ECEBDA00544713 /* Build configuration list for PBXNativeTarget "Milestone Projects 7-9" */;
			buildPhases = (
				86C7714527ECEBDA00544713 /* Sources */,
				86C7714627ECEBDA00544713 /* Frameworks */,
				86C7714727ECEBDA00544713 /* Resources */,
			);
			buildRules = (
			);
			dependencies = (
			);
			name = "Milestone Projects 7-9";
			productName = "Milestone Projects 7-9";
			productReference = 86C7714927ECEBDA00544713 /* Milestone Projects 7-9.app */;
			productType = "com.apple.product-type.application";
		};
/* End PBXNativeTarget section */

/* Begin PBXProject section */
		86C7714127ECEBDA00544713 /* Project object */ = {
			isa = PBXProject;
			attributes = {
				BuildIndependentTargetsInParallel = 1;
				LastSwiftUpdateCheck = 1310;
				LastUpgradeCheck = 1310;
				TargetAttributes = {
					86C7714827ECEBDA00544713 = {
						CreatedOnToolsVersion = 13.1;
					};
				};
			};
			buildConfigurationList = 86C7714427ECEBDA00544713 /* Build configuration list for PBXProject "Milestone Projects 7-9" */;
			compatibilityVersion = "Xcode 13.0";
			developmentRegion = en;
			hasScannedForEncodings = 0;
			knownRegions = (
				en,
				Base,
			);
			mainGroup = 86C7714027ECEBDA00544713;
			productRefGroup = 86C7714A27ECEBDA00544713 /* Products */;
			projectDirPath = "";
			projectRoot = "";
			targets = (
				86C7714827ECEBDA00544713 /* Milestone Projects 7-9 */,
			);
		};
/* End PBXProject section */

/* Begin PBXResourcesBuildPhase section */
		86C7714727ECEBDA00544713 /* Resources */ = {
			isa = PBXResourcesBuildPhase;
			buildActionMask = 2147483647;
			files = (
				86C7715927ECEBDA00544713 /* LaunchScreen.storyboard in Resources */,
				86BBC4BF27ECF018005F04C8 /* start.txt in Resources */,
				86C7715627ECEBDA00544713 /* Assets.xcassets in Resources */,
				86BBC4C127EE0136005F04C8 /* words.txt in Resources */,
				86C7715427ECEBDA00544713 /* Main.storyboard in Resources */,
			);
			runOnlyForDeploymentPostprocessing = 0;
		};
/* End PBXResourcesBuildPhase section */

/* Begin PBXSourcesBuildPhase section */
		86C7714527ECEBDA00544713 /* Sources */ = {
			isa = PBXSourcesBuildPhase;
			buildActionMask = 2147483647;
			files = (
				86C7715127ECEBDA00544713 /* ViewController.swift in Sources */,
				86C7714D27ECEBDA00544713 /* AppDelegate.swift in Sources */,
				86C7714F27ECEBDA00544713 /* SceneDelegate.swift in Sources */,
			);
			runOnlyForDeploymentPostprocessing = 0;
		};
/* End PBXSourcesBuildPhase section */

/* Begin PBXVariantGroup section */
		86C7715227ECEBDA00544713 /* Main.storyboard */ = {
			isa = PBXVariantGroup;
			children = (
				86C7715327ECEBDA00544713 /* Base */,
			);
			name = Main.storyboard;
			sourceTree = "<group>";
		};
		86C7715727ECEBDA00544713 /* LaunchScreen.storyboard */ = {
			isa = PBXVariantGroup;
			children = (
				86C7715827ECEBDA00544713 /* Base */,
			);
			name = LaunchScreen.storyboard;
			sourceTree = "<group>";
		};
/* End PBXVariantGroup section */

/* Begin XCBuildConfiguration section */
		86C7715B27ECEBDA00544713 /* Debug */ = {
			isa = XCBuildConfiguration;
			buildSettings = {
				ALWAYS_SEARCH_USER_PATHS = NO;
				CLANG_ANALYZER_NONNULL = YES;
				CLANG_ANALYZER_NUMBER_OBJECT_CONVERSION = YES_AGGRESSIVE;
				CLANG_CXX_LANGUAGE_STANDARD = "gnu++17";
				CLANG_CXX_LIBRARY = "libc++";
				CLANG_ENABLE_MODULES = YES;
				CLANG_ENABLE_OBJC_ARC = YES;
				CLANG_ENABLE_OBJC_WEAK = YES;
				CLANG_WARN_BLOCK_CAPTURE_AUTORELEASING = YES;
				CLANG_WARN_BOOL_CONVERSION = YES;
				CLANG_WARN_COMMA = YES;
				CLANG_WARN_CONSTANT_CONVERSION = YES;
				CLANG_WARN_DEPRECATED_OBJC_IMPLEMENTATIONS = YES;
				CLANG_WARN_DIRECT_OBJC_ISA_USAGE = YES_ERROR;
				CLANG_WARN_DOCUMENTATION_COMMENTS = YES;
				CLANG_WARN_EMPTY_BODY = YES;
				CLANG_WARN_ENUM_CONVERSION = YES;
				CLANG_WARN_INFINITE_RECURSION = YES;
				CLANG_WARN_INT_CONVERSION = YES;
				CLANG_WARN_NON_LITERAL_NULL_CONVERSION = YES;
				CLANG_WARN_OBJC_IMPLICIT_RETAIN_SELF = YES;
				CLANG_WARN_OBJC_LITERAL_CONVERSION = YES;
				CLANG_WARN_OBJC_ROOT_CLASS = YES_ERROR;
				CLANG_WARN_QUOTED_INCLUDE_IN_FRAMEWORK_HEADER = YES;
				CLANG_WARN_RANGE_LOOP_ANALYSIS = YES;
				CLANG_WARN_STRICT_PROTOTYPES = YES;
				CLANG_WARN_SUSPICIOUS_MOVE = YES;
				CLANG_WARN_UNGUARDED_AVAILABILITY = YES_AGGRESSIVE;
				CLANG_WARN_UNREACHABLE_CODE = YES;
				CLANG_WARN__DUPLICATE_METHOD_MATCH = YES;
				COPY_PHASE_STRIP = NO;
				DEBUG_INFORMATION_FORMAT = dwarf;
				ENABLE_STRICT_OBJC_MSGSEND = YES;
				ENABLE_TESTABILITY = YES;
				GCC_C_LANGUAGE_STANDARD = gnu11;
				GCC_DYNAMIC_NO_PIC = NO;
				GCC_NO_COMMON_BLOCKS = YES;
				GCC_OPTIMIZATION_LEVEL = 0;
				GCC_PREPROCESSOR_DEFINITIONS = (
					"DEBUG=1",
					"$(inherited)",
				);
				GCC_WARN_64_TO_32_BIT_CONVERSION = YES;
				GCC_WARN_ABOUT_RETURN_TYPE = YES_ERROR;
				GCC_WARN_UNDECLARED_SELECTOR = YES;
				GCC_WARN_UNINITIALIZED_AUTOS = YES_AGGRESSIVE;
				GCC_WARN_UNUSED_FUNCTION = YES;
				GCC_WARN_UNUSED_VARIABLE = YES;
				IPHONEOS_DEPLOYMENT_TARGET = 15.0;
				MTL_ENABLE_DEBUG_INFO = INCLUDE_SOURCE;
				MTL_FAST_MATH = YES;
				ONLY_ACTIVE_ARCH = YES;
				SDKROOT = iphoneos;
				SWIFT_ACTIVE_COMPILATION_CONDITIONS = DEBUG;
				SWIFT_OPTIMIZATION_LEVEL = "-Onone";
			};
			name = Debug;
		};
		86C7715C27ECEBDA00544713 /* Release */ = {
			isa = XCBuildConfiguration;
			buildSettings = {
				ALWAYS_SEARCH_USER_PATHS = NO;
				CLANG_ANALYZER_NONNULL = YES;
				CLANG_ANALYZER_NUMBER_OBJECT_CONVERSION = YES_AGGRESSIVE;
				CLANG_CXX_LANGUAGE_STANDARD = "gnu++17";
				CLANG_CXX_LIBRARY = "libc++";
				CLANG_ENABLE_MODULES = YES;
				CLANG_ENABLE_OBJC_ARC = YES;
				CLANG_ENABLE_OBJC_WEAK = YES;
				CLANG_WARN_BLOCK_CAPTURE_AUTORELEASING = YES;
				CLANG_WARN_BOOL_CONVERSION = YES;
				CLANG_WARN_COMMA = YES;
				CLANG_WARN_CONSTANT_CONVERSION = YES;
				CLANG_WARN_DEPRECATED_OBJC_IMPLEMENTATIONS = YES;
				CLANG_WARN_DIRECT_OBJC_ISA_USAGE = YES_ERROR;
				CLANG_WARN_DOCUMENTATION_COMMENTS = YES;
				CLANG_WARN_EMPTY_BODY = YES;
				CLANG_WARN_ENUM_CONVERSION = YES;
				CLANG_WARN_INFINITE_RECURSION = YES;
				CLANG_WARN_INT_CONVERSION = YES;
				CLANG_WARN_NON_LITERAL_NULL_CONVERSION = YES;
				CLANG_WARN_OBJC_IMPLICIT_RETAIN_SELF = YES;
				CLANG_WARN_OBJC_LITERAL_CONVERSION = YES;
				CLANG_WARN_OBJC_ROOT_CLASS = YES_ERROR;
				CLANG_WARN_QUOTED_INCLUDE_IN_FRAMEWORK_HEADER = YES;
				CLANG_WARN_RANGE_LOOP_ANALYSIS = YES;
				CLANG_WARN_STRICT_PROTOTYPES = YES;
				CLANG_WARN_SUSPICIOUS_MOVE = YES;
				CLANG_WARN_UNGUARDED_AVAILABILITY = YES_AGGRESSIVE;
				CLANG_WARN_UNREACHABLE_CODE = YES;
				CLANG_WARN__DUPLICATE_METHOD_MATCH = YES;
				COPY_PHASE_STRIP = NO;
				DEBUG_INFORMATION_FORMAT = "dwarf-with-dsym";
				ENABLE_NS_ASSERTIONS = NO;
				ENABLE_STRICT_OBJC_MSGSEND = YES;
				GCC_C_LANGUAGE_STANDARD = gnu11;
				GCC_NO_COMMON_BLOCKS = YES;
				GCC_WARN_64_TO_32_BIT_CONVERSION = YES;
				GCC_WARN_ABOUT_RETURN_TYPE = YES_ERROR;
				GCC_WARN_UNDECLARED_SELECTOR = YES;
				GCC_WARN_UNINITIALIZED_AUTOS = YES_AGGRESSIVE;
				GCC_WARN_UNUSED_FUNCTION = YES;
				GCC_WARN_UNUSED_VARIABLE = YES;
				IPHONEOS_DEPLOYMENT_TARGET = 15.0;
				MTL_ENABLE_DEBUG_INFO = NO;
				MTL_FAST_MATH = YES;
				SDKROOT = iphoneos;
				SWIFT_COMPILATION_MODE = wholemodule;
				SWIFT_OPTIMIZATION_LEVEL = "-O";
				VALIDATE_PRODUCT = YES;
			};
			name = Release;
		};
		86C7715E27ECEBDA00544713 /* Debug */ = {
			isa = XCBuildConfiguration;
			buildSettings = {
				ASSETCATALOG_COMPILER_APPICON_NAME = AppIcon;
				ASSETCATALOG_COMPILER_GLOBAL_ACCENT_COLOR_NAME = AccentColor;
				CODE_SIGN_STYLE = Automatic;
				CURRENT_PROJECT_VERSION = 1;
				DEVELOPMENT_TEAM = 89SVL2MMQ3;
				GENERATE_INFOPLIST_FILE = YES;
				INFOPLIST_FILE = "Milestone Projects 7-9/Info.plist";
				INFOPLIST_KEY_UIApplicationSupportsIndirectInputEvents = YES;
				INFOPLIST_KEY_UILaunchStoryboardName = LaunchScreen;
				INFOPLIST_KEY_UIMainStoryboardFile = Main;
				INFOPLIST_KEY_UISupportedInterfaceOrientations_iPad = "UIInterfaceOrientationPortrait UIInterfaceOrientationPortraitUpsideDown UIInterfaceOrientationLandscapeLeft UIInterfaceOrientationLandscapeRight";
				INFOPLIST_KEY_UISupportedInterfaceOrientations_iPhone = "UIInterfaceOrientationPortrait UIInterfaceOrientationLandscapeLeft UIInterfaceOrientationLandscapeRight";
				LD_RUNPATH_SEARCH_PATHS = (
					"$(inherited)",
					"@executable_path/Frameworks",
				);
				MARKETING_VERSION = 1.0;
				PRODUCT_BUNDLE_IDENTIFIER = "tugsad.Milestone-Projects-7-9";
				PRODUCT_NAME = "$(TARGET_NAME)";
				SWIFT_EMIT_LOC_STRINGS = YES;
				SWIFT_VERSION = 5.0;
				TARGETED_DEVICE_FAMILY = "1,2";
			};
			name = Debug;
		};
		86C7715F27ECEBDA00544713 /* Release */ = {
			isa = XCBuildConfiguration;
			buildSettings = {
				ASSETCATALOG_COMPILER_APPICON_NAME = AppIcon;
				ASSETCATALOG_COMPILER_GLOBAL_ACCENT_COLOR_NAME = AccentColor;
				CODE_SIGN_STYLE = Automatic;
				CURRENT_PROJECT_VERSION = 1;
				DEVELOPMENT_TEAM = 89SVL2MMQ3;
				GENERATE_INFOPLIST_FILE = YES;
				INFOPLIST_FILE = "Milestone Projects 7-9/Info.plist";
				INFOPLIST_KEY_UIApplicationSupportsIndirectInputEvents = YES;
				INFOPLIST_KEY_UILaunchStoryboardName = LaunchScreen;
				INFOPLIST_KEY_UIMainStoryboardFile = Main;
				INFOPLIST_KEY_UISupportedInterfaceOrientations_iPad = "UIInterfaceOrientationPortrait UIInterfaceOrientationPortraitUpsideDown UIInterfaceOrientationLandscapeLeft UIInterfaceOrientationLandscapeRight";
				INFOPLIST_KEY_UISupportedInterfaceOrientations_iPhone = "UIInterfaceOrientationPortrait UIInterfaceOrientationLandscapeLeft UIInterfaceOrientationLandscapeRight";
				LD_RUNPATH_SEARCH_PATHS = (
					"$(inherited)",
					"@executable_path/Frameworks",
				);
				MARKETING_VERSION = 1.0;
				PRODUCT_BUNDLE_IDENTIFIER = "tugsad.Milestone-Projects-7-9";
				PRODUCT_NAME = "$(TARGET_NAME)";
				SWIFT_EMIT_LOC_STRINGS = YES;
				SWIFT_VERSION = 5.0;
				TARGETED_DEVICE_FAMILY = "1,2";
			};
			name = Release;
		};
/* End XCBuildConfiguration section */

/* Begin XCConfigurationList section */
		86C7714427ECEBDA00544713 /* Build configuration list for PBXProject "Milestone Projects 7-9" */ = {
			isa = XCConfigurationList;
			buildConfigurations = (
				86C7715B27ECEBDA00544713 /* Debug */,
				86C7715C27ECEBDA00544713 /* Release */,
			);
			defaultConfigurationIsVisible = 0;
			defaultConfigurationName = Release;
		};
		86C7715D27ECEBDA00544713 /* Build configuration list for PBXNativeTarget "Milestone Projects 7-9" */ = {
			isa = XCConfigurationList;
			buildConfigurations = (
				86C7715E27ECEBDA00544713 /* Debug */,
				86C7715F27ECEBDA00544713 /* Release */,
			);
			defaultConfigurationIsVisible = 0;
			defaultConfigurationName = Release;
		};
/* End XCConfigurationList section */
	};
	rootObject = 86C7714127ECEBDA00544713 /* Project object */;
}
